
Microsoft Visual Studio Solution File, Format Version 12.00
# Visual Studio Version 17
VisualStudioVersion = 17.0.31903.59
MinimumVisualStudioVersion = 10.0.40219.1
Project("{2150E333-8FDC-42A3-9474-1A3956D46DE8}") = "src", "src", "{A00923D9-A782-482E-840B-E385304CBDEB}"
EndProject
Project("{FAE04EC0-301F-11D3-BF4B-00C04F79EFBC}") = "OpenPolicyAgent.Opa", "src\OpenPolicyAgent.Opa\OpenPolicyAgent.Opa.csproj", "{2610A805-1724-462C-BDC2-3B79F8CA7005}"
EndProject
Global
	GlobalSection(SolutionConfigurationPlatforms) = preSolution
		Debug|Any CPU = Debug|Any CPU
		Release|Any CPU = Release|Any CPU
	EndGlobalSection
	GlobalSection(SolutionProperties) = preSolution
		HideSolutionNode = FALSE
	EndGlobalSection
	GlobalSection(ProjectConfigurationPlatforms) = postSolution
		{2610A805-1724-462C-BDC2-3B79F8CA7005}.Debug|Any CPU.ActiveCfg = Debug|Any CPU
		{2610A805-1724-462C-BDC2-3B79F8CA7005}.Debug|Any CPU.Build.0 = Debug|Any CPU
		{2610A805-1724-462C-BDC2-3B79F8CA7005}.Release|Any CPU.ActiveCfg = Release|Any CPU
		{2610A805-1724-462C-BDC2-3B79F8CA7005}.Release|Any CPU.Build.0 = Release|Any CPU
	EndGlobalSection
	GlobalSection(NestedProjects) = preSolution
		{2610A805-1724-462C-BDC2-3B79F8CA7005} = {A00923D9-A782-482E-840B-E385304CBDEB}
	EndGlobalSection
EndGlobal
